
Microsoft Visual Studio Solution File, Format Version 12.00
# Visual Studio Version 16
VisualStudioVersion = 16.0.30523.141
MinimumVisualStudioVersion = 10.0.40219.1
Project("{FAE04EC0-301F-11D3-BF4B-00C04F79EFBC}") = "Open-Lab-10.02", "Open-Lab-10.02\Open-Lab-10.02.csproj", "{EFFC6275-7D9A-429A-AEB5-252E694377E5}"
EndProject
Global
	GlobalSection(SolutionConfigurationPlatforms) = preSolution
		Debug|Any CPU = Debug|Any CPU
		Release|Any CPU = Release|Any CPU
	EndGlobalSection
	GlobalSection(ProjectConfigurationPlatforms) = postSolution
		{EFFC6275-7D9A-429A-AEB5-252E694377E5}.Debug|Any CPU.ActiveCfg = Debug|Any CPU
		{EFFC6275-7D9A-429A-AEB5-252E694377E5}.Debug|Any CPU.Build.0 = Debug|Any CPU
		{EFFC6275-7D9A-429A-AEB5-252E694377E5}.Release|Any CPU.ActiveCfg = Release|Any CPU
		{EFFC6275-7D9A-429A-AEB5-252E694377E5}.Release|Any CPU.Build.0 = Release|Any CPU
	EndGlobalSection
	GlobalSection(SolutionProperties) = preSolution
		HideSolutionNode = FALSE
	EndGlobalSection
	GlobalSection(ExtensibilityGlobals) = postSolution
		SolutionGuid = {15BD085C-45D4-4AEB-8ADC-FD6111123774}
	EndGlobalSection
EndGlobal
